// !$*UTF8*$!
{
	archiveVersion = 1;
	classes = {
	};
	objectVersion = 46;
	objects = {

/* Begin PBXBuildFile section */
		0B656EF5173EC874008CD120 /* Cocoa.framework in Frameworks */ = {isa = PBXBuildFile; fileRef = 0B656EF4173EC874008CD120 /* Cocoa.framework */; };
		0B656F0A173EC875008CD120 /* rb_main.rb in Resources */ = {isa = PBXBuildFile; fileRef = 0B656F09173EC875008CD120 /* rb_main.rb */; };
		0B656F17173EC8B8008CD120 /* ObjCHiredis.framework in Frameworks */ = {isa = PBXBuildFile; fileRef = 0B656F16173EC8B8008CD120 /* ObjCHiredis.framework */; };
		0B656F1B173ECF21008CD120 /* MacRuby.framework in Frameworks */ = {isa = PBXBuildFile; fileRef = 0B656F1A173ECF21008CD120 /* MacRuby.framework */; };
		0BC518AA175A456200D7AB2C /* redis_data_source.rb in Resources */ = {isa = PBXBuildFile; fileRef = 0BC5189F175A456200D7AB2C /* redis_data_source.rb */; };
		0BC518AB175A456200D7AB2C /* MainMenu.xib in Resources */ = {isa = PBXBuildFile; fileRef = 0BC518A1175A456200D7AB2C /* MainMenu.xib */; };
		0BC518AC175A456200D7AB2C /* redis_structure_hash.rb in Resources */ = {isa = PBXBuildFile; fileRef = 0BC518A4175A456200D7AB2C /* redis_structure_hash.rb */; };
		0BC518AD175A456200D7AB2C /* redis_structure_list.rb in Resources */ = {isa = PBXBuildFile; fileRef = 0BC518A5175A456200D7AB2C /* redis_structure_list.rb */; };
		0BC518AE175A456200D7AB2C /* redis_structure_set.rb in Resources */ = {isa = PBXBuildFile; fileRef = 0BC518A6175A456200D7AB2C /* redis_structure_set.rb */; };
		0BC518AF175A456200D7AB2C /* redis_structure_sorted_set.rb in Resources */ = {isa = PBXBuildFile; fileRef = 0BC518A7175A456200D7AB2C /* redis_structure_sorted_set.rb */; };
		0BC518B0175A456200D7AB2C /* redis_structure_string.rb in Resources */ = {isa = PBXBuildFile; fileRef = 0BC518A8175A456200D7AB2C /* redis_structure_string.rb */; };
		0BC518B1175A456200D7AB2C /* redis_structure.rb in Resources */ = {isa = PBXBuildFile; fileRef = 0BC518A9175A456200D7AB2C /* redis_structure.rb */; };
		0BC518B3175A457400D7AB2C /* Main.rb in Resources */ = {isa = PBXBuildFile; fileRef = 0BC518B2175A457400D7AB2C /* Main.rb */; };
		0BC518BC175A466D00D7AB2C /* button_action.tiff in Resources */ = {isa = PBXBuildFile; fileRef = 0BC518B5175A466D00D7AB2C /* button_action.tiff */; };
		0BC518BD175A466D00D7AB2C /* button_add.tiff in Resources */ = {isa = PBXBuildFile; fileRef = 0BC518B6175A466D00D7AB2C /* button_add.tiff */; };
		0BC518BE175A466D00D7AB2C /* button_add_folder.tiff in Resources */ = {isa = PBXBuildFile; fileRef = 0BC518B7175A466D00D7AB2C /* button_add_folder.tiff */; };
		0BC518BF175A466D00D7AB2C /* button_bar_handle.tiff in Resources */ = {isa = PBXBuildFile; fileRef = 0BC518B8175A466D00D7AB2C /* button_bar_handle.tiff */; };
		0BC518C0175A466D00D7AB2C /* button_bar_spacer.tiff in Resources */ = {isa = PBXBuildFile; fileRef = 0BC518B9175A466D00D7AB2C /* button_bar_spacer.tiff */; };
		0BC518C4175A46AF00D7AB2C /* InfoPlist.strings in Resources */ = {isa = PBXBuildFile; fileRef = 0BC518C2175A46AF00D7AB2C /* InfoPlist.strings */; };
		0BC518C5175A492400D7AB2C /* main.m in Sources */ = {isa = PBXBuildFile; fileRef = 0B656F01173EC874008CD120 /* main.m */; };
/* End PBXBuildFile section */

/* Begin PBXContainerItemProxy section */
		0B656EF9173EC874008CD120 /* PBXContainerItemProxy */ = {
			isa = PBXContainerItemProxy;
			containerPortal = 0B656EE9173EC874008CD120 /* Project object */;
			proxyType = 1;
			remoteGlobalIDString = 0B656EF0173EC874008CD120;
			remoteInfo = Redix;
		};
/* End PBXContainerItemProxy section */

/* Begin PBXFileReference section */
		0B656EF1173EC874008CD120 /* Redix.app */ = {isa = PBXFileReference; explicitFileType = wrapper.application; includeInIndex = 0; path = Redix.app; sourceTree = BUILT_PRODUCTS_DIR; };
		0B656EF4173EC874008CD120 /* Cocoa.framework */ = {isa = PBXFileReference; lastKnownFileType = wrapper.framework; name = Cocoa.framework; path = System/Library/Frameworks/Cocoa.framework; sourceTree = SDKROOT; };
		0B656F01173EC874008CD120 /* main.m */ = {isa = PBXFileReference; lastKnownFileType = sourcecode.c.objc; name = main.m; path = /Users/emancu/Code/Redix/main.m; sourceTree = "<absolute>"; };
		0B656F03173EC874008CD120 /* Redix-Prefix.pch */ = {isa = PBXFileReference; lastKnownFileType = sourcecode.c.h; path = "Redix-Prefix.pch"; sourceTree = "<group>"; };
		0B656F09173EC875008CD120 /* rb_main.rb */ = {isa = PBXFileReference; lastKnownFileType = text.script.ruby; name = rb_main.rb; path = /Users/emancu/Code/Redix/rb_main.rb; sourceTree = "<absolute>"; };
		0B656F15173EC8A4008CD120 /* Redix.entitlements */ = {isa = PBXFileReference; lastKnownFileType = file; name = Redix.entitlements; path = Resources/Redix.entitlements; sourceTree = "<group>"; };
		0B656F16173EC8B8008CD120 /* ObjCHiredis.framework */ = {isa = PBXFileReference; lastKnownFileType = wrapper.framework; name = ObjCHiredis.framework; path = Frameworks/ObjCHiredis.framework; sourceTree = "<group>"; };
		0B656F1A173ECF21008CD120 /* MacRuby.framework */ = {isa = PBXFileReference; lastKnownFileType = wrapper.framework; name = MacRuby.framework; path = Frameworks/MacRuby.framework; sourceTree = "<group>"; };
		0BC5189F175A456200D7AB2C /* redis_data_source.rb */ = {isa = PBXFileReference; fileEncoding = 4; lastKnownFileType = text.script.ruby; path = redis_data_source.rb; sourceTree = "<group>"; };
		0BC518A1175A456200D7AB2C /* MainMenu.xib */ = {isa = PBXFileReference; fileEncoding = 4; lastKnownFileType = file.xib; path = MainMenu.xib; sourceTree = "<group>"; };
		0BC518A4175A456200D7AB2C /* redis_structure_hash.rb */ = {isa = PBXFileReference; fileEncoding = 4; lastKnownFileType = text.script.ruby; path = redis_structure_hash.rb; sourceTree = "<group>"; };
		0BC518A5175A456200D7AB2C /* redis_structure_list.rb */ = {isa = PBXFileReference; fileEncoding = 4; lastKnownFileType = text.script.ruby; path = redis_structure_list.rb; sourceTree = "<group>"; };
		0BC518A6175A456200D7AB2C /* redis_structure_set.rb */ = {isa = PBXFileReference; fileEncoding = 4; lastKnownFileType = text.script.ruby; path = redis_structure_set.rb; sourceTree = "<group>"; };
		0BC518A7175A456200D7AB2C /* redis_structure_sorted_set.rb */ = {isa = PBXFileReference; fileEncoding = 4; lastKnownFileType = text.script.ruby; path = redis_structure_sorted_set.rb; sourceTree = "<group>"; };
		0BC518A8175A456200D7AB2C /* redis_structure_string.rb */ = {isa = PBXFileReference; fileEncoding = 4; lastKnownFileType = text.script.ruby; path = redis_structure_string.rb; sourceTree = "<group>"; };
		0BC518A9175A456200D7AB2C /* redis_structure.rb */ = {isa = PBXFileReference; fileEncoding = 4; lastKnownFileType = text.script.ruby; path = redis_structure.rb; sourceTree = "<group>"; };
		0BC518B2175A457400D7AB2C /* Main.rb */ = {isa = PBXFileReference; fileEncoding = 4; lastKnownFileType = text.script.ruby; path = Main.rb; sourceTree = "<group>"; };
		0BC518B5175A466D00D7AB2C /* button_action.tiff */ = {isa = PBXFileReference; lastKnownFileType = image.tiff; path = button_action.tiff; sourceTree = "<group>"; };
		0BC518B6175A466D00D7AB2C /* button_add.tiff */ = {isa = PBXFileReference; lastKnownFileType = image.tiff; path = button_add.tiff; sourceTree = "<group>"; };
		0BC518B7175A466D00D7AB2C /* button_add_folder.tiff */ = {isa = PBXFileReference; lastKnownFileType = image.tiff; path = button_add_folder.tiff; sourceTree = "<group>"; };
		0BC518B8175A466D00D7AB2C /* button_bar_handle.tiff */ = {isa = PBXFileReference; lastKnownFileType = image.tiff; path = button_bar_handle.tiff; sourceTree = "<group>"; };
		0BC518B9175A466D00D7AB2C /* button_bar_spacer.tiff */ = {isa = PBXFileReference; lastKnownFileType = image.tiff; path = button_bar_spacer.tiff; sourceTree = "<group>"; };
		0BC518C3175A46AF00D7AB2C /* en */ = {isa = PBXFileReference; lastKnownFileType = text.plist.strings; name = en; path = Resources/en.lproj/InfoPlist.strings; sourceTree = SOURCE_ROOT; };
		0BC518C9175ABF1800D7AB2C /* Redix-Info.plist */ = {isa = PBXFileReference; lastKnownFileType = text.plist.xml; path = "Redix-Info.plist"; sourceTree = "<group>"; };
/* End PBXFileReference section */

/* Begin PBXFrameworksBuildPhase section */
		0B656EEE173EC874008CD120 /* Frameworks */ = {
			isa = PBXFrameworksBuildPhase;
			buildActionMask = 2147483647;
			files = (
				0B656EF5173EC874008CD120 /* Cocoa.framework in Frameworks */,
				0B656F17173EC8B8008CD120 /* ObjCHiredis.framework in Frameworks */,
				0B656F1B173ECF21008CD120 /* MacRuby.framework in Frameworks */,
			);
			runOnlyForDeploymentPostprocessing = 0;
		};
/* End PBXFrameworksBuildPhase section */

/* Begin PBXGroup section */
		0B656EE8173EC874008CD120 = {
			isa = PBXGroup;
			children = (
				0BC518B2175A457400D7AB2C /* Main.rb */,
				0BC518A2175A456200D7AB2C /* Models */,
				0BC5189E175A456200D7AB2C /* Controllers */,
				0BC518A0175A456200D7AB2C /* Interfaces */,
				0B656F04173EC874008CD120 /* Resources */,
				0B656EFC173EC874008CD120 /* Supporting Files */,
				0B656EF3173EC874008CD120 /* Frameworks */,
				0B656EF2173EC874008CD120 /* Products */,
			);
			sourceTree = "<group>";
		};
		0B656EF2173EC874008CD120 /* Products */ = {
			isa = PBXGroup;
			children = (
				0B656EF1173EC874008CD120 /* Redix.app */,
			);
			name = Products;
			sourceTree = "<group>";
		};
		0B656EF3173EC874008CD120 /* Frameworks */ = {
			isa = PBXGroup;
			children = (
				0B656F1A173ECF21008CD120 /* MacRuby.framework */,
				0B656F16173EC8B8008CD120 /* ObjCHiredis.framework */,
				0B656EF4173EC874008CD120 /* Cocoa.framework */,
			);
			name = Frameworks;
			sourceTree = "<group>";
		};
		0B656EFC173EC874008CD120 /* Supporting Files */ = {
			isa = PBXGroup;
			children = (
				0B656F09173EC875008CD120 /* rb_main.rb */,
				0B656F01173EC874008CD120 /* main.m */,
				0B656F03173EC874008CD120 /* Redix-Prefix.pch */,
			);
			name = "Supporting Files";
			path = Redix;
			sourceTree = "<group>";
		};
		0B656F04173EC874008CD120 /* Resources */ = {
			isa = PBXGroup;
			children = (
				0BC518BA175A466D00D7AB2C /* Plists */,
				0BC518B4175A466D00D7AB2C /* Images */,
				0B656F15173EC8A4008CD120 /* Redix.entitlements */,
			);
			name = Resources;
			path = Redix;
			sourceTree = "<group>";
		};
		0BC5189E175A456200D7AB2C /* Controllers */ = {
			isa = PBXGroup;
			children = (
				0BC5189F175A456200D7AB2C /* redis_data_source.rb */,
			);
			path = Controllers;
			sourceTree = "<group>";
		};
		0BC518A0175A456200D7AB2C /* Interfaces */ = {
			isa = PBXGroup;
			children = (
				0BC518A1175A456200D7AB2C /* MainMenu.xib */,
			);
			path = Interfaces;
			sourceTree = "<group>";
		};
		0BC518A2175A456200D7AB2C /* Models */ = {
			isa = PBXGroup;
			children = (
				0BC518A3175A456200D7AB2C /* redis_structure */,
				0BC518A9175A456200D7AB2C /* redis_structure.rb */,
			);
			path = Models;
			sourceTree = "<group>";
		};
		0BC518A3175A456200D7AB2C /* redis_structure */ = {
			isa = PBXGroup;
			children = (
				0BC518A4175A456200D7AB2C /* redis_structure_hash.rb */,
				0BC518A5175A456200D7AB2C /* redis_structure_list.rb */,
				0BC518A6175A456200D7AB2C /* redis_structure_set.rb */,
				0BC518A7175A456200D7AB2C /* redis_structure_sorted_set.rb */,
				0BC518A8175A456200D7AB2C /* redis_structure_string.rb */,
			);
			path = redis_structure;
			sourceTree = "<group>";
		};
		0BC518B4175A466D00D7AB2C /* Images */ = {
			isa = PBXGroup;
			children = (
				0BC518B5175A466D00D7AB2C /* button_action.tiff */,
				0BC518B6175A466D00D7AB2C /* button_add.tiff */,
				0BC518B7175A466D00D7AB2C /* button_add_folder.tiff */,
				0BC518B8175A466D00D7AB2C /* button_bar_handle.tiff */,
				0BC518B9175A466D00D7AB2C /* button_bar_spacer.tiff */,
			);
			name = Images;
			path = Resources/Images;
			sourceTree = SOURCE_ROOT;
		};
		0BC518BA175A466D00D7AB2C /* Plists */ = {
			isa = PBXGroup;
			children = (
				0BC518C9175ABF1800D7AB2C /* Redix-Info.plist */,
				0BC518C2175A46AF00D7AB2C /* InfoPlist.strings */,
			);
			name = Plists;
			path = Resources/Plists;
			sourceTree = SOURCE_ROOT;
		};
/* End PBXGroup section */

/* Begin PBXLegacyTarget section */
		0B656EF8173EC874008CD120 /* Deployment */ = {
			isa = PBXLegacyTarget;
			buildArgumentsString = "--compile --embed";
			buildConfigurationList = 0B656F12173EC875008CD120 /* Build configuration list for PBXLegacyTarget "Deployment" */;
			buildPhases = (
			);
			buildToolPath = /usr/local/bin/macruby_deploy;
			dependencies = (
				0B656EFA173EC874008CD120 /* PBXTargetDependency */,
			);
			name = Deployment;
			passBuildSettingsInEnvironment = 1;
			productName = Deployment;
		};
/* End PBXLegacyTarget section */

/* Begin PBXNativeTarget section */
		0B656EF0173EC874008CD120 /* Redix */ = {
			isa = PBXNativeTarget;
			buildConfigurationList = 0B656F0F173EC875008CD120 /* Build configuration list for PBXNativeTarget "Redix" */;
			buildPhases = (
				0B656EED173EC874008CD120 /* Sources */,
				0B656EEE173EC874008CD120 /* Frameworks */,
				0B656EEF173EC874008CD120 /* Resources */,
			);
			buildRules = (
			);
			dependencies = (
			);
			name = Redix;
			productName = Redix;
			productReference = 0B656EF1173EC874008CD120 /* Redix.app */;
			productType = "com.apple.product-type.application";
		};
/* End PBXNativeTarget section */

/* Begin PBXProject section */
		0B656EE9173EC874008CD120 /* Project object */ = {
			isa = PBXProject;
			attributes = {
				LastUpgradeCheck = 0460;
				ORGANIZATIONNAME = "Emiliano Mancuso";
			};
			buildConfigurationList = 0B656EEC173EC874008CD120 /* Build configuration list for PBXProject "Redix" */;
			compatibilityVersion = "Xcode 3.2";
			developmentRegion = English;
			hasScannedForEncodings = 0;
			knownRegions = (
				en,
			);
			mainGroup = 0B656EE8173EC874008CD120;
			productRefGroup = 0B656EF2173EC874008CD120 /* Products */;
			projectDirPath = "";
			projectRoot = "";
			targets = (
				0B656EF0173EC874008CD120 /* Redix */,
				0B656EF8173EC874008CD120 /* Deployment */,
			);
		};
/* End PBXProject section */

/* Begin PBXResourcesBuildPhase section */
		0B656EEF173EC874008CD120 /* Resources */ = {
			isa = PBXResourcesBuildPhase;
			buildActionMask = 2147483647;
			files = (
				0B656F0A173EC875008CD120 /* rb_main.rb in Resources */,
				0BC518AA175A456200D7AB2C /* redis_data_source.rb in Resources */,
				0BC518AB175A456200D7AB2C /* MainMenu.xib in Resources */,
				0BC518AC175A456200D7AB2C /* redis_structure_hash.rb in Resources */,
				0BC518AD175A456200D7AB2C /* redis_structure_list.rb in Resources */,
				0BC518AE175A456200D7AB2C /* redis_structure_set.rb in Resources */,
				0BC518AF175A456200D7AB2C /* redis_structure_sorted_set.rb in Resources */,
				0BC518B0175A456200D7AB2C /* redis_structure_string.rb in Resources */,
				0BC518B1175A456200D7AB2C /* redis_structure.rb in Resources */,
				0BC518B3175A457400D7AB2C /* Main.rb in Resources */,
				0BC518BC175A466D00D7AB2C /* button_action.tiff in Resources */,
				0BC518BD175A466D00D7AB2C /* button_add.tiff in Resources */,
				0BC518BE175A466D00D7AB2C /* button_add_folder.tiff in Resources */,
				0BC518BF175A466D00D7AB2C /* button_bar_handle.tiff in Resources */,
				0BC518C0175A466D00D7AB2C /* button_bar_spacer.tiff in Resources */,
				0BC518C4175A46AF00D7AB2C /* InfoPlist.strings in Resources */,
			);
			runOnlyForDeploymentPostprocessing = 0;
		};
/* End PBXResourcesBuildPhase section */

/* Begin PBXSourcesBuildPhase section */
		0B656EED173EC874008CD120 /* Sources */ = {
			isa = PBXSourcesBuildPhase;
			buildActionMask = 2147483647;
			files = (
				0BC518C5175A492400D7AB2C /* main.m in Sources */,
			);
			runOnlyForDeploymentPostprocessing = 0;
		};
/* End PBXSourcesBuildPhase section */

/* Begin PBXTargetDependency section */
		0B656EFA173EC874008CD120 /* PBXTargetDependency */ = {
			isa = PBXTargetDependency;
			target = 0B656EF0173EC874008CD120 /* Redix */;
			targetProxy = 0B656EF9173EC874008CD120 /* PBXContainerItemProxy */;
		};
/* End PBXTargetDependency section */

/* Begin PBXVariantGroup section */
		0BC518C2175A46AF00D7AB2C /* InfoPlist.strings */ = {
			isa = PBXVariantGroup;
			children = (
				0BC518C3175A46AF00D7AB2C /* en */,
			);
			name = InfoPlist.strings;
			sourceTree = "<group>";
		};
/* End PBXVariantGroup section */

/* Begin XCBuildConfiguration section */
		0B656F0D173EC875008CD120 /* Debug */ = {
			isa = XCBuildConfiguration;
			buildSettings = {
				ALWAYS_SEARCH_USER_PATHS = NO;
				ARCHS = "$(ARCHS_STANDARD_64_BIT)";
				CLANG_CXX_LANGUAGE_STANDARD = "gnu++0x";
				CLANG_CXX_LIBRARY = "libc++";
				CLANG_WARN_CONSTANT_CONVERSION = YES;
				CLANG_WARN_EMPTY_BODY = YES;
				CLANG_WARN_ENUM_CONVERSION = YES;
				CLANG_WARN_INT_CONVERSION = YES;
				CLANG_WARN__DUPLICATE_METHOD_MATCH = YES;
				COPY_PHASE_STRIP = NO;
				GCC_C_LANGUAGE_STANDARD = gnu99;
				GCC_DYNAMIC_NO_PIC = NO;
				GCC_ENABLE_OBJC_EXCEPTIONS = YES;
				GCC_OPTIMIZATION_LEVEL = 0;
				GCC_PREPROCESSOR_DEFINITIONS = (
					"DEBUG=1",
					"$(inherited)",
				);
				GCC_SYMBOLS_PRIVATE_EXTERN = NO;
				GCC_WARN_64_TO_32_BIT_CONVERSION = YES;
				GCC_WARN_ABOUT_RETURN_TYPE = YES;
				GCC_WARN_UNINITIALIZED_AUTOS = YES;
				GCC_WARN_UNUSED_VARIABLE = YES;
				MACOSX_DEPLOYMENT_TARGET = 10.8;
				ONLY_ACTIVE_ARCH = YES;
				SDKROOT = macosx;
			};
			name = Debug;
		};
		0B656F0E173EC875008CD120 /* Release */ = {
			isa = XCBuildConfiguration;
			buildSettings = {
				ALWAYS_SEARCH_USER_PATHS = NO;
				ARCHS = "$(ARCHS_STANDARD_64_BIT)";
				CLANG_CXX_LANGUAGE_STANDARD = "gnu++0x";
				CLANG_CXX_LIBRARY = "libc++";
				CLANG_WARN_CONSTANT_CONVERSION = YES;
				CLANG_WARN_EMPTY_BODY = YES;
				CLANG_WARN_ENUM_CONVERSION = YES;
				CLANG_WARN_INT_CONVERSION = YES;
				CLANG_WARN__DUPLICATE_METHOD_MATCH = YES;
				COPY_PHASE_STRIP = YES;
				DEBUG_INFORMATION_FORMAT = "dwarf-with-dsym";
				GCC_C_LANGUAGE_STANDARD = gnu99;
				GCC_ENABLE_OBJC_EXCEPTIONS = YES;
				GCC_WARN_64_TO_32_BIT_CONVERSION = YES;
				GCC_WARN_ABOUT_RETURN_TYPE = YES;
				GCC_WARN_UNINITIALIZED_AUTOS = YES;
				GCC_WARN_UNUSED_VARIABLE = YES;
				MACOSX_DEPLOYMENT_TARGET = 10.8;
				SDKROOT = macosx;
			};
			name = Release;
		};
		0B656F10173EC875008CD120 /* Debug */ = {
			isa = XCBuildConfiguration;
			buildSettings = {
				ARCHS = x86_64;
				BUNDLE_LOADER = "";
				CODE_SIGN_ENTITLEMENTS = Resources/Redix.entitlements;
				COMBINE_HIDPI_IMAGES = YES;
				FRAMEWORK_SEARCH_PATHS = (
					"$(inherited)",
					"\"$(SRCROOT)/Frameworks\"",
				);
				GCC_ENABLE_OBJC_GC = unsupported;
				"GCC_ENABLE_OBJC_GC[arch=x86_64]" = supported;
				GCC_PRECOMPILE_PREFIX_HEADER = YES;
				GCC_PREFIX_HEADER = "Redix-Prefix.pch";
				INFOPLIST_FILE = "$(SRCROOT)/Resources/Plists/Redix-Info.plist";
				PRODUCT_NAME = "$(TARGET_NAME)";
				WRAPPER_EXTENSION = app;
			};
			name = Debug;
		};
		0B656F11173EC875008CD120 /* Release */ = {
			isa = XCBuildConfiguration;
			buildSettings = {
				ARCHS = x86_64;
				BUNDLE_LOADER = "";
				CODE_SIGN_ENTITLEMENTS = Resources/Redix.entitlements;
				COMBINE_HIDPI_IMAGES = YES;
				FRAMEWORK_SEARCH_PATHS = (
					"$(inherited)",
					"\"$(SRCROOT)/Frameworks\"",
				);
				GCC_ENABLE_OBJC_GC = unsupported;
				"GCC_ENABLE_OBJC_GC[arch=x86_64]" = supported;
				GCC_PRECOMPILE_PREFIX_HEADER = YES;
				GCC_PREFIX_HEADER = "Redix-Prefix.pch";
				INFOPLIST_FILE = "$(SRCROOT)/Resources/Plists/Redix-Info.plist";
				PRODUCT_NAME = "$(TARGET_NAME)";
				WRAPPER_EXTENSION = app;
			};
			name = Release;
		};
		0B656F13173EC875008CD120 /* Debug */ = {
			isa = XCBuildConfiguration;
			buildSettings = {
				COMBINE_HIDPI_IMAGES = YES;
			};
			name = Debug;
		};
		0B656F14173EC875008CD120 /* Release */ = {
			isa = XCBuildConfiguration;
			buildSettings = {
				COMBINE_HIDPI_IMAGES = YES;
			};
			name = Release;
		};
/* End XCBuildConfiguration section */

/* Begin XCConfigurationList section */
		0B656EEC173EC874008CD120 /* Build configuration list for PBXProject "Redix" */ = {
			isa = XCConfigurationList;
			buildConfigurations = (
				0B656F0D173EC875008CD120 /* Debug */,
				0B656F0E173EC875008CD120 /* Release */,
			);
			defaultConfigurationIsVisible = 0;
			defaultConfigurationName = Release;
		};
		0B656F0F173EC875008CD120 /* Build configuration list for PBXNativeTarget "Redix" */ = {
			isa = XCConfigurationList;
			buildConfigurations = (
				0B656F10173EC875008CD120 /* Debug */,
				0B656F11173EC875008CD120 /* Release */,
			);
			defaultConfigurationIsVisible = 0;
			defaultConfigurationName = Release;
		};
		0B656F12173EC875008CD120 /* Build configuration list for PBXLegacyTarget "Deployment" */ = {
			isa = XCConfigurationList;
			buildConfigurations = (
				0B656F13173EC875008CD120 /* Debug */,
				0B656F14173EC875008CD120 /* Release */,
			);
			defaultConfigurationIsVisible = 0;
			defaultConfigurationName = Release;
		};
/* End XCConfigurationList section */
	};
	rootObject = 0B656EE9173EC874008CD120 /* Project object */;
}
